
Microsoft Visual Studio Solution File, Format Version 12.00
# Visual Studio Version 16
VisualStudioVersion = 16.0.30406.217
MinimumVisualStudioVersion = 10.0.40219.1
Project("{FAE04EC0-301F-11D3-BF4B-00C04F79EFBC}") = "num-mayor", "num-mayor.csproj", "{B7B3159E-7EA6-4BA6-BDD4-F136F6656124}"
EndProject
Global
	GlobalSection(SolutionConfigurationPlatforms) = preSolution
		Debug|Any CPU = Debug|Any CPU
		Release|Any CPU = Release|Any CPU
	EndGlobalSection
	GlobalSection(ProjectConfigurationPlatforms) = postSolution
		{B7B3159E-7EA6-4BA6-BDD4-F136F6656124}.Debug|Any CPU.ActiveCfg = Debug|Any CPU
		{B7B3159E-7EA6-4BA6-BDD4-F136F6656124}.Debug|Any CPU.Build.0 = Debug|Any CPU
		{B7B3159E-7EA6-4BA6-BDD4-F136F6656124}.Release|Any CPU.ActiveCfg = Release|Any CPU
		{B7B3159E-7EA6-4BA6-BDD4-F136F6656124}.Release|Any CPU.Build.0 = Release|Any CPU
	EndGlobalSection
	GlobalSection(SolutionProperties) = preSolution
		HideSolutionNode = FALSE
	EndGlobalSection
	GlobalSection(ExtensibilityGlobals) = postSolution
		SolutionGuid = {EB66A8C8-32F6-4E3B-9953-119815A70C46}
	EndGlobalSection
EndGlobal
